{
  "name": "mfe-vanilla-container",
  "version": "1.0.0",
  "lockfileVersion": 3,
  "requires": true,
  "packages": {
    "": {
      "name": "mfe-vanilla-container",
      "version": "1.0.0",
      "license": "ISC",
      "dependencies": {
        "single-spa": "^6.0.1"
      }
    },
    "node_modules/single-spa": {
      "version": "6.0.1",
      "resolved": "https://registry.npmjs.org/single-spa/-/single-spa-6.0.1.tgz",
      "integrity": "sha512-JsJSnjaeBJ+uZCqKwfI06AsaHlqfr2jvDqz+1we8tDxptYnDEi54C2M6W0XY2FLroro9Wnh3+ooEUEwcOileGg=="
    }
  }
}
